
Microsoft Visual Studio Solution File, Format Version 12.00
# Visual Studio 14
VisualStudioVersion = 14.0.25420.1
MinimumVisualStudioVersion = 10.0.40219.1
Project("{8BB2217D-0F2D-49D1-97BC-3654ED321F3B}") = "WebApp", "WebApp\WebApp.xproj", "{DA0314DA-186F-4A53-986D-87D97E49E5F3}"
EndProject
Global
	GlobalSection(SubversionScc) = preSolution
		Svn-Managed = True
		Manager = AnkhSVN - Subversion Support for Visual Studio
	EndGlobalSection
	GlobalSection(SolutionConfigurationPlatforms) = preSolution
		Debug|Any CPU = Debug|Any CPU
		Release|Any CPU = Release|Any CPU
	EndGlobalSection
	GlobalSection(ProjectConfigurationPlatforms) = postSolution
		{DA0314DA-186F-4A53-986D-87D97E49E5F3}.Debug|Any CPU.ActiveCfg = Debug|Any CPU
		{DA0314DA-186F-4A53-986D-87D97E49E5F3}.Debug|Any CPU.Build.0 = Debug|Any CPU
		{DA0314DA-186F-4A53-986D-87D97E49E5F3}.Release|Any CPU.ActiveCfg = Release|Any CPU
		{DA0314DA-186F-4A53-986D-87D97E49E5F3}.Release|Any CPU.Build.0 = Release|Any CPU
	EndGlobalSection
	GlobalSection(SolutionProperties) = preSolution
		HideSolutionNode = FALSE
	EndGlobalSection
EndGlobal
